
Microsoft Visual Studio Solution File, Format Version 12.00
# Visual Studio Version 17
VisualStudioVersion = 17.13.35931.197
MinimumVisualStudioVersion = 10.0.40219.1
Project("{FAE04EC0-301F-11D3-BF4B-00C04F79EFBC}") = "ContactApplication", "ContactApplication.csproj", "{90B7A1B7-34D1-4454-BC55-DF5E5F7DBD16}"
EndProject
Project("{FAE04EC0-301F-11D3-BF4B-00C04F79EFBC}") = "ContactAppTests", "..\TestProject1\ContactAppTests.csproj", "{A9802B49-0418-41BF-939B-9E66513663E5}"
EndProject
Project("{2150E333-8FDC-42A3-9474-1A3956D46DE8}") = "lnAssessment", "lnAssessment", "{02EA681E-C7D8-13C7-8484-4AC65E1B71E8}"
EndProject
Global
	GlobalSection(SolutionConfigurationPlatforms) = preSolution
		Debug|Any CPU = Debug|Any CPU
		Release|Any CPU = Release|Any CPU
	EndGlobalSection
	GlobalSection(ProjectConfigurationPlatforms) = postSolution
		{90B7A1B7-34D1-4454-BC55-DF5E5F7DBD16}.Debug|Any CPU.ActiveCfg = Debug|Any CPU
		{90B7A1B7-34D1-4454-BC55-DF5E5F7DBD16}.Debug|Any CPU.Build.0 = Debug|Any CPU
		{90B7A1B7-34D1-4454-BC55-DF5E5F7DBD16}.Release|Any CPU.ActiveCfg = Release|Any CPU
		{90B7A1B7-34D1-4454-BC55-DF5E5F7DBD16}.Release|Any CPU.Build.0 = Release|Any CPU
		{A9802B49-0418-41BF-939B-9E66513663E5}.Debug|Any CPU.ActiveCfg = Debug|Any CPU
		{A9802B49-0418-41BF-939B-9E66513663E5}.Debug|Any CPU.Build.0 = Debug|Any CPU
		{A9802B49-0418-41BF-939B-9E66513663E5}.Release|Any CPU.ActiveCfg = Release|Any CPU
		{A9802B49-0418-41BF-939B-9E66513663E5}.Release|Any CPU.Build.0 = Release|Any CPU
	EndGlobalSection
	GlobalSection(SolutionProperties) = preSolution
		HideSolutionNode = FALSE
	EndGlobalSection
	GlobalSection(NestedProjects) = preSolution
		{90B7A1B7-34D1-4454-BC55-DF5E5F7DBD16} = {02EA681E-C7D8-13C7-8484-4AC65E1B71E8}
		{A9802B49-0418-41BF-939B-9E66513663E5} = {02EA681E-C7D8-13C7-8484-4AC65E1B71E8}
	EndGlobalSection
	GlobalSection(ExtensibilityGlobals) = postSolution
		SolutionGuid = {124A7889-F248-4428-96E4-1889F574BE31}
	EndGlobalSection
EndGlobal
